
Microsoft Visual Studio Solution File, Format Version 12.00
# Visual Studio Version 17
VisualStudioVersion = 17.0.31912.275
MinimumVisualStudioVersion = 10.0.40219.1
Project("{2150E333-8FDC-42A3-9474-1A3956D46DE8}") = "Data", "Data", "{EA0EAE54-8498-4677-9020-F27AC653E73E}"
EndProject
Project("{9A19103F-16F7-4668-BE54-9A1E7A4F7556}") = "Dataa", "Dataa\Dataa.csproj", "{386E89E4-1517-44F3-99D0-DFDACF13EE4B}"
EndProject
Project("{9A19103F-16F7-4668-BE54-9A1E7A4F7556}") = "DataTest", "DataTest\DataTest.csproj", "{4BF22DF2-D5D9-4582-80E0-E03D3FEBFAFD}"
EndProject
Project("{9A19103F-16F7-4668-BE54-9A1E7A4F7556}") = "Services", "Services\Services.csproj", "{92686469-00A2-4B5D-BB2D-525A5CCE831D}"
EndProject
Project("{2150E333-8FDC-42A3-9474-1A3956D46DE8}") = "Logic", "Logic", "{5EA79675-4D77-4BDF-94E0-C265F77C3AD6}"
EndProject
Project("{9A19103F-16F7-4668-BE54-9A1E7A4F7556}") = "ServicesTest", "ServicesTest\ServicesTest.csproj", "{B68368AF-1577-4532-86FE-88A575F68BC4}"
EndProject
Project("{2150E333-8FDC-42A3-9474-1A3956D46DE8}") = ".Presentation", ".Presentation", "{9044079F-A833-4ABB-B4EB-75853ED2781C}"
EndProject
Project("{9A19103F-16F7-4668-BE54-9A1E7A4F7556}") = "Model", "Model\Model.csproj", "{D163D479-6165-4584-988C-819C8BCEDE23}"
EndProject
Project("{9A19103F-16F7-4668-BE54-9A1E7A4F7556}") = "ViewModel", "ViewModel\ViewModel.csproj", "{BA0A6C2E-7318-4076-A17E-8E8F432F0DDF}"
EndProject
Project("{9A19103F-16F7-4668-BE54-9A1E7A4F7556}") = "Presentation", "Presentation\Presentation.csproj", "{DD239599-58FD-4C04-943F-6688A8BA18B0}"
EndProject
Project("{FAE04EC0-301F-11D3-BF4B-00C04F79EFBC}") = "PresentationTest", "PresentationTest\PresentationTest.csproj", "{FD6B534E-7F72-4DE5-B9FD-09D3B3B31561}"
EndProject
Global
	GlobalSection(SolutionConfigurationPlatforms) = preSolution
		Debug|Any CPU = Debug|Any CPU
		Release|Any CPU = Release|Any CPU
	EndGlobalSection
	GlobalSection(ProjectConfigurationPlatforms) = postSolution
		{386E89E4-1517-44F3-99D0-DFDACF13EE4B}.Debug|Any CPU.ActiveCfg = Debug|Any CPU
		{386E89E4-1517-44F3-99D0-DFDACF13EE4B}.Debug|Any CPU.Build.0 = Debug|Any CPU
		{386E89E4-1517-44F3-99D0-DFDACF13EE4B}.Release|Any CPU.ActiveCfg = Release|Any CPU
		{386E89E4-1517-44F3-99D0-DFDACF13EE4B}.Release|Any CPU.Build.0 = Release|Any CPU
		{4BF22DF2-D5D9-4582-80E0-E03D3FEBFAFD}.Debug|Any CPU.ActiveCfg = Debug|Any CPU
		{4BF22DF2-D5D9-4582-80E0-E03D3FEBFAFD}.Debug|Any CPU.Build.0 = Debug|Any CPU
		{4BF22DF2-D5D9-4582-80E0-E03D3FEBFAFD}.Release|Any CPU.ActiveCfg = Release|Any CPU
		{4BF22DF2-D5D9-4582-80E0-E03D3FEBFAFD}.Release|Any CPU.Build.0 = Release|Any CPU
		{92686469-00A2-4B5D-BB2D-525A5CCE831D}.Debug|Any CPU.ActiveCfg = Debug|Any CPU
		{92686469-00A2-4B5D-BB2D-525A5CCE831D}.Debug|Any CPU.Build.0 = Debug|Any CPU
		{92686469-00A2-4B5D-BB2D-525A5CCE831D}.Release|Any CPU.ActiveCfg = Release|Any CPU
		{92686469-00A2-4B5D-BB2D-525A5CCE831D}.Release|Any CPU.Build.0 = Release|Any CPU
		{B68368AF-1577-4532-86FE-88A575F68BC4}.Debug|Any CPU.ActiveCfg = Debug|Any CPU
		{B68368AF-1577-4532-86FE-88A575F68BC4}.Debug|Any CPU.Build.0 = Debug|Any CPU
		{B68368AF-1577-4532-86FE-88A575F68BC4}.Release|Any CPU.ActiveCfg = Release|Any CPU
		{B68368AF-1577-4532-86FE-88A575F68BC4}.Release|Any CPU.Build.0 = Release|Any CPU
		{D163D479-6165-4584-988C-819C8BCEDE23}.Debug|Any CPU.ActiveCfg = Debug|Any CPU
		{D163D479-6165-4584-988C-819C8BCEDE23}.Debug|Any CPU.Build.0 = Debug|Any CPU
		{D163D479-6165-4584-988C-819C8BCEDE23}.Release|Any CPU.ActiveCfg = Release|Any CPU
		{D163D479-6165-4584-988C-819C8BCEDE23}.Release|Any CPU.Build.0 = Release|Any CPU
		{BA0A6C2E-7318-4076-A17E-8E8F432F0DDF}.Debug|Any CPU.ActiveCfg = Debug|Any CPU
		{BA0A6C2E-7318-4076-A17E-8E8F432F0DDF}.Debug|Any CPU.Build.0 = Debug|Any CPU
		{BA0A6C2E-7318-4076-A17E-8E8F432F0DDF}.Release|Any CPU.ActiveCfg = Release|Any CPU
		{BA0A6C2E-7318-4076-A17E-8E8F432F0DDF}.Release|Any CPU.Build.0 = Release|Any CPU
		{DD239599-58FD-4C04-943F-6688A8BA18B0}.Debug|Any CPU.ActiveCfg = Debug|Any CPU
		{DD239599-58FD-4C04-943F-6688A8BA18B0}.Debug|Any CPU.Build.0 = Debug|Any CPU
		{DD239599-58FD-4C04-943F-6688A8BA18B0}.Release|Any CPU.ActiveCfg = Release|Any CPU
		{DD239599-58FD-4C04-943F-6688A8BA18B0}.Release|Any CPU.Build.0 = Release|Any CPU
		{FD6B534E-7F72-4DE5-B9FD-09D3B3B31561}.Debug|Any CPU.ActiveCfg = Debug|Any CPU
		{FD6B534E-7F72-4DE5-B9FD-09D3B3B31561}.Debug|Any CPU.Build.0 = Debug|Any CPU
		{FD6B534E-7F72-4DE5-B9FD-09D3B3B31561}.Release|Any CPU.ActiveCfg = Release|Any CPU
		{FD6B534E-7F72-4DE5-B9FD-09D3B3B31561}.Release|Any CPU.Build.0 = Release|Any CPU
	EndGlobalSection
	GlobalSection(SolutionProperties) = preSolution
		HideSolutionNode = FALSE
	EndGlobalSection
	GlobalSection(NestedProjects) = preSolution
		{386E89E4-1517-44F3-99D0-DFDACF13EE4B} = {EA0EAE54-8498-4677-9020-F27AC653E73E}
		{4BF22DF2-D5D9-4582-80E0-E03D3FEBFAFD} = {EA0EAE54-8498-4677-9020-F27AC653E73E}
		{92686469-00A2-4B5D-BB2D-525A5CCE831D} = {5EA79675-4D77-4BDF-94E0-C265F77C3AD6}
		{B68368AF-1577-4532-86FE-88A575F68BC4} = {5EA79675-4D77-4BDF-94E0-C265F77C3AD6}
		{D163D479-6165-4584-988C-819C8BCEDE23} = {9044079F-A833-4ABB-B4EB-75853ED2781C}
		{BA0A6C2E-7318-4076-A17E-8E8F432F0DDF} = {9044079F-A833-4ABB-B4EB-75853ED2781C}
		{DD239599-58FD-4C04-943F-6688A8BA18B0} = {9044079F-A833-4ABB-B4EB-75853ED2781C}
		{FD6B534E-7F72-4DE5-B9FD-09D3B3B31561} = {9044079F-A833-4ABB-B4EB-75853ED2781C}
	EndGlobalSection
	GlobalSection(ExtensibilityGlobals) = postSolution
		SolutionGuid = {75091477-220D-4F39-A79C-E192D392CDC1}
	EndGlobalSection
EndGlobal
